// !$*UTF8*$!
{
	archiveVersion = 1;
	classes = {
	};
	objectVersion = 56;
	objects = {

/* Begin PBXBuildFile section */
		FA0D4F602BD1370B00400D74 /* EditProfileViewController.swift in Sources */ = {isa = PBXBuildFile; fileRef = FA0D4F5F2BD1370B00400D74 /* EditProfileViewController.swift */; };
		FA0D4F622BD138F000400D74 /* EditProfileViewModel.swift in Sources */ = {isa = PBXBuildFile; fileRef = FA0D4F612BD138F000400D74 /* EditProfileViewModel.swift */; };
		FA25AEAF2BC6D43700B08AF4 /* AppDelegate.swift in Sources */ = {isa = PBXBuildFile; fileRef = FA25AEAE2BC6D43700B08AF4 /* AppDelegate.swift */; };
		FA25AEB12BC6D43700B08AF4 /* SceneDelegate.swift in Sources */ = {isa = PBXBuildFile; fileRef = FA25AEB02BC6D43700B08AF4 /* SceneDelegate.swift */; };
		FA25AEB32BC6D43700B08AF4 /* ViewController.swift in Sources */ = {isa = PBXBuildFile; fileRef = FA25AEB22BC6D43700B08AF4 /* ViewController.swift */; };
		FA25AEB62BC6D43700B08AF4 /* Base in Resources */ = {isa = PBXBuildFile; fileRef = FA25AEB52BC6D43700B08AF4 /* Base */; };
		FA25AEB82BC6D43800B08AF4 /* Assets.xcassets in Resources */ = {isa = PBXBuildFile; fileRef = FA25AEB72BC6D43800B08AF4 /* Assets.xcassets */; };
		FA25AEBB2BC6D43800B08AF4 /* Base in Resources */ = {isa = PBXBuildFile; fileRef = FA25AEBA2BC6D43800B08AF4 /* Base */; };
		FA25AEC72BC8A2E100B08AF4 /* SnapKit in Frameworks */ = {isa = PBXBuildFile; productRef = FA25AEC62BC8A2E100B08AF4 /* SnapKit */; };
		FA25AECA2BC8A2E600B08AF4 /* Alamofire in Frameworks */ = {isa = PBXBuildFile; productRef = FA25AEC92BC8A2E600B08AF4 /* Alamofire */; };
		FA25AECC2BC8A2E600B08AF4 /* AlamofireDynamic in Frameworks */ = {isa = PBXBuildFile; productRef = FA25AECB2BC8A2E600B08AF4 /* AlamofireDynamic */; };
		FA25AECF2BC8A2EB00B08AF4 /* Kingfisher in Frameworks */ = {isa = PBXBuildFile; productRef = FA25AECE2BC8A2EB00B08AF4 /* Kingfisher */; };
		FA25AED22BC8A2F700B08AF4 /* RxCocoa in Frameworks */ = {isa = PBXBuildFile; productRef = FA25AED12BC8A2F700B08AF4 /* RxCocoa */; };
		FA25AED42BC8A2F700B08AF4 /* RxSwift in Frameworks */ = {isa = PBXBuildFile; productRef = FA25AED32BC8A2F700B08AF4 /* RxSwift */; };
		FA25AED72BC8A2FD00B08AF4 /* Toast in Frameworks */ = {isa = PBXBuildFile; productRef = FA25AED62BC8A2FD00B08AF4 /* Toast */; };
		FA25AEDF2BC8A32700B08AF4 /* HTTPHeader.swift in Sources */ = {isa = PBXBuildFile; fileRef = FA25AED92BC8A32700B08AF4 /* HTTPHeader.swift */; };
		FA25AEE02BC8A32700B08AF4 /* APIKey.swift in Sources */ = {isa = PBXBuildFile; fileRef = FA25AEDA2BC8A32700B08AF4 /* APIKey.swift */; };
		FA25AEE12BC8A32700B08AF4 /* TargetType.swift in Sources */ = {isa = PBXBuildFile; fileRef = FA25AEDB2BC8A32700B08AF4 /* TargetType.swift */; };
		FA25AEE22BC8A32700B08AF4 /* LoginQuery.swift in Sources */ = {isa = PBXBuildFile; fileRef = FA25AEDC2BC8A32700B08AF4 /* LoginQuery.swift */; };
		FA25AEE32BC8A32700B08AF4 /* NetworkManager.swift in Sources */ = {isa = PBXBuildFile; fileRef = FA25AEDD2BC8A32700B08AF4 /* NetworkManager.swift */; };
		FA25AEE42BC8A32700B08AF4 /* Router.swift in Sources */ = {isa = PBXBuildFile; fileRef = FA25AEDE2BC8A32700B08AF4 /* Router.swift */; };
		FA25AEEA2BC8A3D000B08AF4 /* LoginViewModel.swift in Sources */ = {isa = PBXBuildFile; fileRef = FA25AEE92BC8A3D000B08AF4 /* LoginViewModel.swift */; };
		FA25AEED2BC8A3E900B08AF4 /* ViewModelType.swift in Sources */ = {isa = PBXBuildFile; fileRef = FA25AEEC2BC8A3E900B08AF4 /* ViewModelType.swift */; };
		FA25AEEF2BC8A45000B08AF4 /* LoginViewController.swift in Sources */ = {isa = PBXBuildFile; fileRef = FA25AEEE2BC8A45000B08AF4 /* LoginViewController.swift */; };
		FA25AEF42BC8A48E00B08AF4 /* BaseViewController.swift in Sources */ = {isa = PBXBuildFile; fileRef = FA25AEF22BC8A48E00B08AF4 /* BaseViewController.swift */; };
		FA25AEF62BC8A4A100B08AF4 /* LoginView.swift in Sources */ = {isa = PBXBuildFile; fileRef = FA25AEF52BC8A4A100B08AF4 /* LoginView.swift */; };
		FA25AEF92BC8A65500B08AF4 /* SignTextField.swift in Sources */ = {isa = PBXBuildFile; fileRef = FA25AEF82BC8A65500B08AF4 /* SignTextField.swift */; };
		FA25AEFC2BC8A68900B08AF4 /* Color.swift in Sources */ = {isa = PBXBuildFile; fileRef = FA25AEFB2BC8A68900B08AF4 /* Color.swift */; };
		FA25AF002BC8A80200B08AF4 /* FilledButton.swift in Sources */ = {isa = PBXBuildFile; fileRef = FA25AEFF2BC8A80200B08AF4 /* FilledButton.swift */; };
		FA25AF252BCD860C00B08AF4 /* SignUpViewController.swift in Sources */ = {isa = PBXBuildFile; fileRef = FA25AF242BCD860C00B08AF4 /* SignUpViewController.swift */; };
		FA25AF272BCD8A6900B08AF4 /* NumberTextField.swift in Sources */ = {isa = PBXBuildFile; fileRef = FA25AF262BCD8A6900B08AF4 /* NumberTextField.swift */; };
		FA25AF292BCD8AEB00B08AF4 /* BirthdayDatePicker.swift in Sources */ = {isa = PBXBuildFile; fileRef = FA25AF282BCD8AEB00B08AF4 /* BirthdayDatePicker.swift */; };
		FA25AF2D2BCD990700B08AF4 /* SignUpViewModel.swift in Sources */ = {isa = PBXBuildFile; fileRef = FA25AF2C2BCD990700B08AF4 /* SignUpViewModel.swift */; };
		FA25AF312BCD9BA300B08AF4 /* Date+Extension.swift in Sources */ = {isa = PBXBuildFile; fileRef = FA25AF302BCD9BA300B08AF4 /* Date+Extension.swift */; };
		FA25AF332BCD9C5800B08AF4 /* SignUpQuery.swift in Sources */ = {isa = PBXBuildFile; fileRef = FA25AF322BCD9C5700B08AF4 /* SignUpQuery.swift */; };
		FA25AF382BCDD0BA00B08AF4 /* OverviewViewController.swift in Sources */ = {isa = PBXBuildFile; fileRef = FA25AF372BCDD0BA00B08AF4 /* OverviewViewController.swift */; };
		FA25AF3D2BCDD15D00B08AF4 /* ProfileViewController.swift in Sources */ = {isa = PBXBuildFile; fileRef = FA25AF3C2BCDD15D00B08AF4 /* ProfileViewController.swift */; };
		FA25AF422BCDD52900B08AF4 /* MainTabBarViewController.swift in Sources */ = {isa = PBXBuildFile; fileRef = FA25AF412BCDD52900B08AF4 /* MainTabBarViewController.swift */; };
		FADC9CA02BD2511E00973357 /* RxGesture in Frameworks */ = {isa = PBXBuildFile; productRef = FADC9C9F2BD2511E00973357 /* RxGesture */; };
		FADC9CA22BD25EF400973357 /* ProfileQuery.swift in Sources */ = {isa = PBXBuildFile; fileRef = FADC9CA12BD25EF400973357 /* ProfileQuery.swift */; };
		FAE788952BCF0DC300623467 /* ProfileViewModel.swift in Sources */ = {isa = PBXBuildFile; fileRef = FAE788942BCF0DC300623467 /* ProfileViewModel.swift */; };
		FAF1C1092BD3F8C000E56291 /* OverviewViewModel.swift in Sources */ = {isa = PBXBuildFile; fileRef = FAF1C1082BD3F8C000E56291 /* OverviewViewModel.swift */; };
		FAF1C10B2BD3FBD400E56291 /* PostCollectionViewCell.swift in Sources */ = {isa = PBXBuildFile; fileRef = FAF1C10A2BD3FBD400E56291 /* PostCollectionViewCell.swift */; };
/* End PBXBuildFile section */

/* Begin PBXFileReference section */
		FA0D4F5F2BD1370B00400D74 /* EditProfileViewController.swift */ = {isa = PBXFileReference; lastKnownFileType = sourcecode.swift; path = EditProfileViewController.swift; sourceTree = "<group>"; };
		FA0D4F612BD138F000400D74 /* EditProfileViewModel.swift */ = {isa = PBXFileReference; lastKnownFileType = sourcecode.swift; path = EditProfileViewModel.swift; sourceTree = "<group>"; };
		FA25AEAB2BC6D43700B08AF4 /* AdVoyager.app */ = {isa = PBXFileReference; explicitFileType = wrapper.application; includeInIndex = 0; path = AdVoyager.app; sourceTree = BUILT_PRODUCTS_DIR; };
		FA25AEAE2BC6D43700B08AF4 /* AppDelegate.swift */ = {isa = PBXFileReference; lastKnownFileType = sourcecode.swift; path = AppDelegate.swift; sourceTree = "<group>"; };
		FA25AEB02BC6D43700B08AF4 /* SceneDelegate.swift */ = {isa = PBXFileReference; lastKnownFileType = sourcecode.swift; path = SceneDelegate.swift; sourceTree = "<group>"; };
		FA25AEB22BC6D43700B08AF4 /* ViewController.swift */ = {isa = PBXFileReference; lastKnownFileType = sourcecode.swift; path = ViewController.swift; sourceTree = "<group>"; };
		FA25AEB52BC6D43700B08AF4 /* Base */ = {isa = PBXFileReference; lastKnownFileType = file.storyboard; name = Base; path = Base.lproj/Main.storyboard; sourceTree = "<group>"; };
		FA25AEB72BC6D43800B08AF4 /* Assets.xcassets */ = {isa = PBXFileReference; lastKnownFileType = folder.assetcatalog; path = Assets.xcassets; sourceTree = "<group>"; };
		FA25AEBA2BC6D43800B08AF4 /* Base */ = {isa = PBXFileReference; lastKnownFileType = file.storyboard; name = Base; path = Base.lproj/LaunchScreen.storyboard; sourceTree = "<group>"; };
		FA25AEBC2BC6D43800B08AF4 /* Info.plist */ = {isa = PBXFileReference; lastKnownFileType = text.plist.xml; path = Info.plist; sourceTree = "<group>"; };
		FA25AED92BC8A32700B08AF4 /* HTTPHeader.swift */ = {isa = PBXFileReference; fileEncoding = 4; lastKnownFileType = sourcecode.swift; path = HTTPHeader.swift; sourceTree = "<group>"; };
		FA25AEDA2BC8A32700B08AF4 /* APIKey.swift */ = {isa = PBXFileReference; fileEncoding = 4; lastKnownFileType = sourcecode.swift; path = APIKey.swift; sourceTree = "<group>"; };
		FA25AEDB2BC8A32700B08AF4 /* TargetType.swift */ = {isa = PBXFileReference; fileEncoding = 4; lastKnownFileType = sourcecode.swift; path = TargetType.swift; sourceTree = "<group>"; };
		FA25AEDC2BC8A32700B08AF4 /* LoginQuery.swift */ = {isa = PBXFileReference; fileEncoding = 4; lastKnownFileType = sourcecode.swift; path = LoginQuery.swift; sourceTree = "<group>"; };
		FA25AEDD2BC8A32700B08AF4 /* NetworkManager.swift */ = {isa = PBXFileReference; fileEncoding = 4; lastKnownFileType = sourcecode.swift; path = NetworkManager.swift; sourceTree = "<group>"; };
		FA25AEDE2BC8A32700B08AF4 /* Router.swift */ = {isa = PBXFileReference; fileEncoding = 4; lastKnownFileType = sourcecode.swift; path = Router.swift; sourceTree = "<group>"; };
		FA25AEE92BC8A3D000B08AF4 /* LoginViewModel.swift */ = {isa = PBXFileReference; lastKnownFileType = sourcecode.swift; path = LoginViewModel.swift; sourceTree = "<group>"; };
		FA25AEEC2BC8A3E900B08AF4 /* ViewModelType.swift */ = {isa = PBXFileReference; lastKnownFileType = sourcecode.swift; path = ViewModelType.swift; sourceTree = "<group>"; };
		FA25AEEE2BC8A45000B08AF4 /* LoginViewController.swift */ = {isa = PBXFileReference; lastKnownFileType = sourcecode.swift; path = LoginViewController.swift; sourceTree = "<group>"; };
		FA25AEF22BC8A48E00B08AF4 /* BaseViewController.swift */ = {isa = PBXFileReference; fileEncoding = 4; lastKnownFileType = sourcecode.swift; path = BaseViewController.swift; sourceTree = "<group>"; };
		FA25AEF52BC8A4A100B08AF4 /* LoginView.swift */ = {isa = PBXFileReference; lastKnownFileType = sourcecode.swift; path = LoginView.swift; sourceTree = "<group>"; };
		FA25AEF82BC8A65500B08AF4 /* SignTextField.swift */ = {isa = PBXFileReference; fileEncoding = 4; lastKnownFileType = sourcecode.swift; path = SignTextField.swift; sourceTree = "<group>"; };
		FA25AEFB2BC8A68900B08AF4 /* Color.swift */ = {isa = PBXFileReference; lastKnownFileType = sourcecode.swift; path = Color.swift; sourceTree = "<group>"; };
		FA25AEFF2BC8A80200B08AF4 /* FilledButton.swift */ = {isa = PBXFileReference; lastKnownFileType = sourcecode.swift; path = FilledButton.swift; sourceTree = "<group>"; };
		FA25AF242BCD860C00B08AF4 /* SignUpViewController.swift */ = {isa = PBXFileReference; lastKnownFileType = sourcecode.swift; path = SignUpViewController.swift; sourceTree = "<group>"; };
		FA25AF262BCD8A6900B08AF4 /* NumberTextField.swift */ = {isa = PBXFileReference; lastKnownFileType = sourcecode.swift; path = NumberTextField.swift; sourceTree = "<group>"; };
		FA25AF282BCD8AEB00B08AF4 /* BirthdayDatePicker.swift */ = {isa = PBXFileReference; lastKnownFileType = sourcecode.swift; path = BirthdayDatePicker.swift; sourceTree = "<group>"; };
		FA25AF2C2BCD990700B08AF4 /* SignUpViewModel.swift */ = {isa = PBXFileReference; lastKnownFileType = sourcecode.swift; path = SignUpViewModel.swift; sourceTree = "<group>"; };
		FA25AF302BCD9BA300B08AF4 /* Date+Extension.swift */ = {isa = PBXFileReference; lastKnownFileType = sourcecode.swift; path = "Date+Extension.swift"; sourceTree = "<group>"; };
		FA25AF322BCD9C5700B08AF4 /* SignUpQuery.swift */ = {isa = PBXFileReference; lastKnownFileType = sourcecode.swift; path = SignUpQuery.swift; sourceTree = "<group>"; };
		FA25AF372BCDD0BA00B08AF4 /* OverviewViewController.swift */ = {isa = PBXFileReference; lastKnownFileType = sourcecode.swift; path = OverviewViewController.swift; sourceTree = "<group>"; };
		FA25AF3C2BCDD15D00B08AF4 /* ProfileViewController.swift */ = {isa = PBXFileReference; lastKnownFileType = sourcecode.swift; path = ProfileViewController.swift; sourceTree = "<group>"; };
		FA25AF412BCDD52900B08AF4 /* MainTabBarViewController.swift */ = {isa = PBXFileReference; lastKnownFileType = sourcecode.swift; path = MainTabBarViewController.swift; sourceTree = "<group>"; };
		FADC9CA12BD25EF400973357 /* ProfileQuery.swift */ = {isa = PBXFileReference; lastKnownFileType = sourcecode.swift; path = ProfileQuery.swift; sourceTree = "<group>"; };
		FAE788942BCF0DC300623467 /* ProfileViewModel.swift */ = {isa = PBXFileReference; lastKnownFileType = sourcecode.swift; path = ProfileViewModel.swift; sourceTree = "<group>"; };
		FAF1C1082BD3F8C000E56291 /* OverviewViewModel.swift */ = {isa = PBXFileReference; lastKnownFileType = sourcecode.swift; path = OverviewViewModel.swift; sourceTree = "<group>"; };
		FAF1C10A2BD3FBD400E56291 /* PostCollectionViewCell.swift */ = {isa = PBXFileReference; lastKnownFileType = sourcecode.swift; path = PostCollectionViewCell.swift; sourceTree = "<group>"; };
/* End PBXFileReference section */

/* Begin PBXFrameworksBuildPhase section */
		FA25AEA82BC6D43700B08AF4 /* Frameworks */ = {
			isa = PBXFrameworksBuildPhase;
			buildActionMask = 2147483647;
			files = (
				FA25AED42BC8A2F700B08AF4 /* RxSwift in Frameworks */,
				FA25AECF2BC8A2EB00B08AF4 /* Kingfisher in Frameworks */,
				FADC9CA02BD2511E00973357 /* RxGesture in Frameworks */,
				FA25AEC72BC8A2E100B08AF4 /* SnapKit in Frameworks */,
				FA25AED22BC8A2F700B08AF4 /* RxCocoa in Frameworks */,
				FA25AECC2BC8A2E600B08AF4 /* AlamofireDynamic in Frameworks */,
				FA25AED72BC8A2FD00B08AF4 /* Toast in Frameworks */,
				FA25AECA2BC8A2E600B08AF4 /* Alamofire in Frameworks */,
			);
			runOnlyForDeploymentPostprocessing = 0;
		};
/* End PBXFrameworksBuildPhase section */

/* Begin PBXGroup section */
		FA25AEA22BC6D43700B08AF4 = {
			isa = PBXGroup;
			children = (
				FA25AEAD2BC6D43700B08AF4 /* AdVoyager */,
				FA25AEAC2BC6D43700B08AF4 /* Products */,
			);
			sourceTree = "<group>";
		};
		FA25AEAC2BC6D43700B08AF4 /* Products */ = {
			isa = PBXGroup;
			children = (
				FA25AEAB2BC6D43700B08AF4 /* AdVoyager.app */,
			);
			name = Products;
			sourceTree = "<group>";
		};
		FA25AEAD2BC6D43700B08AF4 /* AdVoyager */ = {
			isa = PBXGroup;
			children = (
				FA25AF2F2BCD9B9B00B08AF4 /* Extension */,
				FA25AEF02BC8A48800B08AF4 /* Base */,
				FA25AEEB2BC8A3E300B08AF4 /* Protocol */,
				FA25AED82BC8A31E00B08AF4 /* Network */,
				FA25AEE52BC8A3A800B08AF4 /* Present */,
				FA25AEFA2BC8A67A00B08AF4 /* Resource */,
				FA25AEF72BC8A64700B08AF4 /* CustomView */,
				FA25AEAE2BC6D43700B08AF4 /* AppDelegate.swift */,
				FA25AEB02BC6D43700B08AF4 /* SceneDelegate.swift */,
				FA25AEB22BC6D43700B08AF4 /* ViewController.swift */,
				FA25AEB42BC6D43700B08AF4 /* Main.storyboard */,
				FA25AEB72BC6D43800B08AF4 /* Assets.xcassets */,
				FA25AEB92BC6D43800B08AF4 /* LaunchScreen.storyboard */,
				FA25AEBC2BC6D43800B08AF4 /* Info.plist */,
			);
			path = AdVoyager;
			sourceTree = "<group>";
		};
		FA25AED82BC8A31E00B08AF4 /* Network */ = {
			isa = PBXGroup;
			children = (
				FA25AEDA2BC8A32700B08AF4 /* APIKey.swift */,
				FA25AED92BC8A32700B08AF4 /* HTTPHeader.swift */,
				FA25AEDD2BC8A32700B08AF4 /* NetworkManager.swift */,
				FA25AEDE2BC8A32700B08AF4 /* Router.swift */,
				FA25AEDB2BC8A32700B08AF4 /* TargetType.swift */,
				FA25AEDC2BC8A32700B08AF4 /* LoginQuery.swift */,
				FA25AF322BCD9C5700B08AF4 /* SignUpQuery.swift */,
				FADC9CA12BD25EF400973357 /* ProfileQuery.swift */,
			);
			path = Network;
			sourceTree = "<group>";
		};
		FA25AEE52BC8A3A800B08AF4 /* Present */ = {
			isa = PBXGroup;
			children = (
				FA25AF3E2BCDD1A000B08AF4 /* TabBar */,
				FA25AEE62BC8A3B100B08AF4 /* Login */,
				FA25AF212BCD85E700B08AF4 /* SignUp */,
				FA25AF342BCDD08E00B08AF4 /* OverView */,
				FA25AF392BCDD13700B08AF4 /* Profile */,
				FAE788992BCF210900623467 /* EditProfile */,
			);
			path = Present;
			sourceTree = "<group>";
		};
		FA25AEE62BC8A3B100B08AF4 /* Login */ = {
			isa = PBXGroup;
			children = (
				FA25AEE82BC8A3C800B08AF4 /* ViewModel */,
				FA25AEE72BC8A3BE00B08AF4 /* View */,
			);
			path = Login;
			sourceTree = "<group>";
		};
		FA25AEE72BC8A3BE00B08AF4 /* View */ = {
			isa = PBXGroup;
			children = (
				FA25AEEE2BC8A45000B08AF4 /* LoginViewController.swift */,
				FA25AEF52BC8A4A100B08AF4 /* LoginView.swift */,
			);
			path = View;
			sourceTree = "<group>";
		};
		FA25AEE82BC8A3C800B08AF4 /* ViewModel */ = {
			isa = PBXGroup;
			children = (
				FA25AEE92BC8A3D000B08AF4 /* LoginViewModel.swift */,
			);
			path = ViewModel;
			sourceTree = "<group>";
		};
		FA25AEEB2BC8A3E300B08AF4 /* Protocol */ = {
			isa = PBXGroup;
			children = (
				FA25AEEC2BC8A3E900B08AF4 /* ViewModelType.swift */,
			);
			path = Protocol;
			sourceTree = "<group>";
		};
		FA25AEF02BC8A48800B08AF4 /* Base */ = {
			isa = PBXGroup;
			children = (
				FA25AEF22BC8A48E00B08AF4 /* BaseViewController.swift */,
			);
			path = Base;
			sourceTree = "<group>";
		};
		FA25AEF72BC8A64700B08AF4 /* CustomView */ = {
			isa = PBXGroup;
			children = (
				FA25AEF82BC8A65500B08AF4 /* SignTextField.swift */,
				FA25AEFF2BC8A80200B08AF4 /* FilledButton.swift */,
				FA25AF262BCD8A6900B08AF4 /* NumberTextField.swift */,
				FA25AF282BCD8AEB00B08AF4 /* BirthdayDatePicker.swift */,
			);
			path = CustomView;
			sourceTree = "<group>";
		};
		FA25AEFA2BC8A67A00B08AF4 /* Resource */ = {
			isa = PBXGroup;
			children = (
				FA25AEFB2BC8A68900B08AF4 /* Color.swift */,
			);
			path = Resource;
			sourceTree = "<group>";
		};
		FA25AF212BCD85E700B08AF4 /* SignUp */ = {
			isa = PBXGroup;
			children = (
				FA25AF232BCD860000B08AF4 /* ViewModel */,
				FA25AF222BCD85FC00B08AF4 /* View */,
			);
			path = SignUp;
			sourceTree = "<group>";
		};
		FA25AF222BCD85FC00B08AF4 /* View */ = {
			isa = PBXGroup;
			children = (
				FA25AF242BCD860C00B08AF4 /* SignUpViewController.swift */,
			);
			path = View;
			sourceTree = "<group>";
		};
		FA25AF232BCD860000B08AF4 /* ViewModel */ = {
			isa = PBXGroup;
			children = (
				FA25AF2C2BCD990700B08AF4 /* SignUpViewModel.swift */,
			);
			path = ViewModel;
			sourceTree = "<group>";
		};
		FA25AF2F2BCD9B9B00B08AF4 /* Extension */ = {
			isa = PBXGroup;
			children = (
				FA25AF302BCD9BA300B08AF4 /* Date+Extension.swift */,
			);
			path = Extension;
			sourceTree = "<group>";
		};
		FA25AF342BCDD08E00B08AF4 /* OverView */ = {
			isa = PBXGroup;
			children = (
				FA25AF362BCDD0AB00B08AF4 /* ViewModel */,
				FA25AF352BCDD0A600B08AF4 /* View */,
			);
			path = OverView;
			sourceTree = "<group>";
		};
		FA25AF352BCDD0A600B08AF4 /* View */ = {
			isa = PBXGroup;
			children = (
				FA25AF372BCDD0BA00B08AF4 /* OverviewViewController.swift */,
				FAF1C10A2BD3FBD400E56291 /* PostCollectionViewCell.swift */,
			);
			path = View;
			sourceTree = "<group>";
		};
		FA25AF362BCDD0AB00B08AF4 /* ViewModel */ = {
			isa = PBXGroup;
			children = (
				FAF1C1082BD3F8C000E56291 /* OverviewViewModel.swift */,
			);
			path = ViewModel;
			sourceTree = "<group>";
		};
		FA25AF392BCDD13700B08AF4 /* Profile */ = {
			isa = PBXGroup;
			children = (
				FA25AF3B2BCDD15300B08AF4 /* ViewModel */,
				FA25AF3A2BCDD14F00B08AF4 /* View */,
			);
			path = Profile;
			sourceTree = "<group>";
		};
		FA25AF3A2BCDD14F00B08AF4 /* View */ = {
			isa = PBXGroup;
			children = (
				FA25AF3C2BCDD15D00B08AF4 /* ProfileViewController.swift */,
			);
			path = View;
			sourceTree = "<group>";
		};
		FA25AF3B2BCDD15300B08AF4 /* ViewModel */ = {
			isa = PBXGroup;
			children = (
				FAE788942BCF0DC300623467 /* ProfileViewModel.swift */,
			);
			path = ViewModel;
			sourceTree = "<group>";
		};
		FA25AF3E2BCDD1A000B08AF4 /* TabBar */ = {
			isa = PBXGroup;
			children = (
				FA25AF402BCDD4F200B08AF4 /* ViewModel */,
				FA25AF3F2BCDD4EB00B08AF4 /* View */,
			);
			path = TabBar;
			sourceTree = "<group>";
		};
		FA25AF3F2BCDD4EB00B08AF4 /* View */ = {
			isa = PBXGroup;
			children = (
				FA25AF412BCDD52900B08AF4 /* MainTabBarViewController.swift */,
			);
			path = View;
			sourceTree = "<group>";
		};
		FA25AF402BCDD4F200B08AF4 /* ViewModel */ = {
			isa = PBXGroup;
			children = (
			);
			path = ViewModel;
			sourceTree = "<group>";
		};
		FAE788992BCF210900623467 /* EditProfile */ = {
			isa = PBXGroup;
			children = (
				FAE7889B2BCF213D00623467 /* ViewModel */,
				FAE7889A2BCF213900623467 /* View */,
			);
			path = EditProfile;
			sourceTree = "<group>";
		};
		FAE7889A2BCF213900623467 /* View */ = {
			isa = PBXGroup;
			children = (
				FA0D4F5F2BD1370B00400D74 /* EditProfileViewController.swift */,
			);
			path = View;
			sourceTree = "<group>";
		};
		FAE7889B2BCF213D00623467 /* ViewModel */ = {
			isa = PBXGroup;
			children = (
				FA0D4F612BD138F000400D74 /* EditProfileViewModel.swift */,
			);
			path = ViewModel;
			sourceTree = "<group>";
		};
/* End PBXGroup section */

/* Begin PBXNativeTarget section */
		FA25AEAA2BC6D43700B08AF4 /* AdVoyager */ = {
			isa = PBXNativeTarget;
			buildConfigurationList = FA25AEBF2BC6D43800B08AF4 /* Build configuration list for PBXNativeTarget "AdVoyager" */;
			buildPhases = (
				FA25AEA72BC6D43700B08AF4 /* Sources */,
				FA25AEA82BC6D43700B08AF4 /* Frameworks */,
				FA25AEA92BC6D43700B08AF4 /* Resources */,
			);
			buildRules = (
			);
			dependencies = (
			);
			name = AdVoyager;
			packageProductDependencies = (
				FA25AEC62BC8A2E100B08AF4 /* SnapKit */,
				FA25AEC92BC8A2E600B08AF4 /* Alamofire */,
				FA25AECB2BC8A2E600B08AF4 /* AlamofireDynamic */,
				FA25AECE2BC8A2EB00B08AF4 /* Kingfisher */,
				FA25AED12BC8A2F700B08AF4 /* RxCocoa */,
				FA25AED32BC8A2F700B08AF4 /* RxSwift */,
				FA25AED62BC8A2FD00B08AF4 /* Toast */,
				FADC9C9F2BD2511E00973357 /* RxGesture */,
			);
			productName = AdVoyager;
			productReference = FA25AEAB2BC6D43700B08AF4 /* AdVoyager.app */;
			productType = "com.apple.product-type.application";
		};
/* End PBXNativeTarget section */

/* Begin PBXProject section */
		FA25AEA32BC6D43700B08AF4 /* Project object */ = {
			isa = PBXProject;
			attributes = {
				BuildIndependentTargetsInParallel = 1;
				LastSwiftUpdateCheck = 1530;
				LastUpgradeCheck = 1530;
				TargetAttributes = {
					FA25AEAA2BC6D43700B08AF4 = {
						CreatedOnToolsVersion = 15.3;
					};
				};
			};
			buildConfigurationList = FA25AEA62BC6D43700B08AF4 /* Build configuration list for PBXProject "AdVoyager" */;
			compatibilityVersion = "Xcode 14.0";
			developmentRegion = en;
			hasScannedForEncodings = 0;
			knownRegions = (
				en,
				Base,
			);
			mainGroup = FA25AEA22BC6D43700B08AF4;
			packageReferences = (
				FA25AEC52BC8A2E100B08AF4 /* XCRemoteSwiftPackageReference "SnapKit" */,
				FA25AEC82BC8A2E600B08AF4 /* XCRemoteSwiftPackageReference "Alamofire" */,
				FA25AECD2BC8A2EB00B08AF4 /* XCRemoteSwiftPackageReference "Kingfisher" */,
				FA25AED02BC8A2F700B08AF4 /* XCRemoteSwiftPackageReference "RxSwift" */,
				FA25AED52BC8A2FD00B08AF4 /* XCRemoteSwiftPackageReference "Toast-Swift" */,
				FADC9C9E2BD2511E00973357 /* XCRemoteSwiftPackageReference "RxGesture" */,
			);
			productRefGroup = FA25AEAC2BC6D43700B08AF4 /* Products */;
			projectDirPath = "";
			projectRoot = "";
			targets = (
				FA25AEAA2BC6D43700B08AF4 /* AdVoyager */,
			);
		};
/* End PBXProject section */

/* Begin PBXResourcesBuildPhase section */
		FA25AEA92BC6D43700B08AF4 /* Resources */ = {
			isa = PBXResourcesBuildPhase;
			buildActionMask = 2147483647;
			files = (
				FA25AEB82BC6D43800B08AF4 /* Assets.xcassets in Resources */,
				FA25AEBB2BC6D43800B08AF4 /* Base in Resources */,
				FA25AEB62BC6D43700B08AF4 /* Base in Resources */,
			);
			runOnlyForDeploymentPostprocessing = 0;
		};
/* End PBXResourcesBuildPhase section */

/* Begin PBXSourcesBuildPhase section */
		FA25AEA72BC6D43700B08AF4 /* Sources */ = {
			isa = PBXSourcesBuildPhase;
			buildActionMask = 2147483647;
			files = (
				FA25AEEF2BC8A45000B08AF4 /* LoginViewController.swift in Sources */,
				FA25AF312BCD9BA300B08AF4 /* Date+Extension.swift in Sources */,
				FA25AEF92BC8A65500B08AF4 /* SignTextField.swift in Sources */,
				FAE788952BCF0DC300623467 /* ProfileViewModel.swift in Sources */,
				FAF1C10B2BD3FBD400E56291 /* PostCollectionViewCell.swift in Sources */,
				FADC9CA22BD25EF400973357 /* ProfileQuery.swift in Sources */,
				FA25AEED2BC8A3E900B08AF4 /* ViewModelType.swift in Sources */,
				FAF1C1092BD3F8C000E56291 /* OverviewViewModel.swift in Sources */,
				FA0D4F622BD138F000400D74 /* EditProfileViewModel.swift in Sources */,
				FA25AF002BC8A80200B08AF4 /* FilledButton.swift in Sources */,
				FA25AF382BCDD0BA00B08AF4 /* OverviewViewController.swift in Sources */,
				FA25AEF62BC8A4A100B08AF4 /* LoginView.swift in Sources */,
				FA25AF422BCDD52900B08AF4 /* MainTabBarViewController.swift in Sources */,
				FA25AEE12BC8A32700B08AF4 /* TargetType.swift in Sources */,
				FA25AF332BCD9C5800B08AF4 /* SignUpQuery.swift in Sources */,
				FA25AF252BCD860C00B08AF4 /* SignUpViewController.swift in Sources */,
				FA25AEFC2BC8A68900B08AF4 /* Color.swift in Sources */,
				FA25AEDF2BC8A32700B08AF4 /* HTTPHeader.swift in Sources */,
				FA25AEF42BC8A48E00B08AF4 /* BaseViewController.swift in Sources */,
				FA25AF292BCD8AEB00B08AF4 /* BirthdayDatePicker.swift in Sources */,
				FA25AEB32BC6D43700B08AF4 /* ViewController.swift in Sources */,
				FA25AF272BCD8A6900B08AF4 /* NumberTextField.swift in Sources */,
				FA25AF2D2BCD990700B08AF4 /* SignUpViewModel.swift in Sources */,
				FA25AEAF2BC6D43700B08AF4 /* AppDelegate.swift in Sources */,
				FA0D4F602BD1370B00400D74 /* EditProfileViewController.swift in Sources */,
				FA25AEE42BC8A32700B08AF4 /* Router.swift in Sources */,
				FA25AEE32BC8A32700B08AF4 /* NetworkManager.swift in Sources */,
				FA25AEE22BC8A32700B08AF4 /* LoginQuery.swift in Sources */,
				FA25AEB12BC6D43700B08AF4 /* SceneDelegate.swift in Sources */,
				FA25AF3D2BCDD15D00B08AF4 /* ProfileViewController.swift in Sources */,
				FA25AEEA2BC8A3D000B08AF4 /* LoginViewModel.swift in Sources */,
				FA25AEE02BC8A32700B08AF4 /* APIKey.swift in Sources */,
			);
			runOnlyForDeploymentPostprocessing = 0;
		};
/* End PBXSourcesBuildPhase section */

/* Begin PBXVariantGroup section */
		FA25AEB42BC6D43700B08AF4 /* Main.storyboard */ = {
			isa = PBXVariantGroup;
			children = (
				FA25AEB52BC6D43700B08AF4 /* Base */,
			);
			name = Main.storyboard;
			sourceTree = "<group>";
		};
		FA25AEB92BC6D43800B08AF4 /* LaunchScreen.storyboard */ = {
			isa = PBXVariantGroup;
			children = (
				FA25AEBA2BC6D43800B08AF4 /* Base */,
			);
			name = LaunchScreen.storyboard;
			sourceTree = "<group>";
		};
/* End PBXVariantGroup section */

/* Begin XCBuildConfiguration section */
		FA25AEBD2BC6D43800B08AF4 /* Debug */ = {
			isa = XCBuildConfiguration;
			buildSettings = {
				ALWAYS_SEARCH_USER_PATHS = NO;
				ASSETCATALOG_COMPILER_GENERATE_SWIFT_ASSET_SYMBOL_EXTENSIONS = YES;
				CLANG_ANALYZER_NONNULL = YES;
				CLANG_ANALYZER_NUMBER_OBJECT_CONVERSION = YES_AGGRESSIVE;
				CLANG_CXX_LANGUAGE_STANDARD = "gnu++20";
				CLANG_ENABLE_MODULES = YES;
				CLANG_ENABLE_OBJC_ARC = YES;
				CLANG_ENABLE_OBJC_WEAK = YES;
				CLANG_WARN_BLOCK_CAPTURE_AUTORELEASING = YES;
				CLANG_WARN_BOOL_CONVERSION = YES;
				CLANG_WARN_COMMA = YES;
				CLANG_WARN_CONSTANT_CONVERSION = YES;
				CLANG_WARN_DEPRECATED_OBJC_IMPLEMENTATIONS = YES;
				CLANG_WARN_DIRECT_OBJC_ISA_USAGE = YES_ERROR;
				CLANG_WARN_DOCUMENTATION_COMMENTS = YES;
				CLANG_WARN_EMPTY_BODY = YES;
				CLANG_WARN_ENUM_CONVERSION = YES;
				CLANG_WARN_INFINITE_RECURSION = YES;
				CLANG_WARN_INT_CONVERSION = YES;
				CLANG_WARN_NON_LITERAL_NULL_CONVERSION = YES;
				CLANG_WARN_OBJC_IMPLICIT_RETAIN_SELF = YES;
				CLANG_WARN_OBJC_LITERAL_CONVERSION = YES;
				CLANG_WARN_OBJC_ROOT_CLASS = YES_ERROR;
				CLANG_WARN_QUOTED_INCLUDE_IN_FRAMEWORK_HEADER = YES;
				CLANG_WARN_RANGE_LOOP_ANALYSIS = YES;
				CLANG_WARN_STRICT_PROTOTYPES = YES;
				CLANG_WARN_SUSPICIOUS_MOVE = YES;
				CLANG_WARN_UNGUARDED_AVAILABILITY = YES_AGGRESSIVE;
				CLANG_WARN_UNREACHABLE_CODE = YES;
				CLANG_WARN__DUPLICATE_METHOD_MATCH = YES;
				COPY_PHASE_STRIP = NO;
				DEBUG_INFORMATION_FORMAT = dwarf;
				ENABLE_STRICT_OBJC_MSGSEND = YES;
				ENABLE_TESTABILITY = YES;
				ENABLE_USER_SCRIPT_SANDBOXING = YES;
				GCC_C_LANGUAGE_STANDARD = gnu17;
				GCC_DYNAMIC_NO_PIC = NO;
				GCC_NO_COMMON_BLOCKS = YES;
				GCC_OPTIMIZATION_LEVEL = 0;
				GCC_PREPROCESSOR_DEFINITIONS = (
					"DEBUG=1",
					"$(inherited)",
				);
				GCC_WARN_64_TO_32_BIT_CONVERSION = YES;
				GCC_WARN_ABOUT_RETURN_TYPE = YES_ERROR;
				GCC_WARN_UNDECLARED_SELECTOR = YES;
				GCC_WARN_UNINITIALIZED_AUTOS = YES_AGGRESSIVE;
				GCC_WARN_UNUSED_FUNCTION = YES;
				GCC_WARN_UNUSED_VARIABLE = YES;
				IPHONEOS_DEPLOYMENT_TARGET = 17.4;
				LOCALIZATION_PREFERS_STRING_CATALOGS = YES;
				MTL_ENABLE_DEBUG_INFO = INCLUDE_SOURCE;
				MTL_FAST_MATH = YES;
				ONLY_ACTIVE_ARCH = YES;
				SDKROOT = iphoneos;
				SWIFT_ACTIVE_COMPILATION_CONDITIONS = "DEBUG $(inherited)";
				SWIFT_OPTIMIZATION_LEVEL = "-Onone";
			};
			name = Debug;
		};
		FA25AEBE2BC6D43800B08AF4 /* Release */ = {
			isa = XCBuildConfiguration;
			buildSettings = {
				ALWAYS_SEARCH_USER_PATHS = NO;
				ASSETCATALOG_COMPILER_GENERATE_SWIFT_ASSET_SYMBOL_EXTENSIONS = YES;
				CLANG_ANALYZER_NONNULL = YES;
				CLANG_ANALYZER_NUMBER_OBJECT_CONVERSION = YES_AGGRESSIVE;
				CLANG_CXX_LANGUAGE_STANDARD = "gnu++20";
				CLANG_ENABLE_MODULES = YES;
				CLANG_ENABLE_OBJC_ARC = YES;
				CLANG_ENABLE_OBJC_WEAK = YES;
				CLANG_WARN_BLOCK_CAPTURE_AUTORELEASING = YES;
				CLANG_WARN_BOOL_CONVERSION = YES;
				CLANG_WARN_COMMA = YES;
				CLANG_WARN_CONSTANT_CONVERSION = YES;
				CLANG_WARN_DEPRECATED_OBJC_IMPLEMENTATIONS = YES;
				CLANG_WARN_DIRECT_OBJC_ISA_USAGE = YES_ERROR;
				CLANG_WARN_DOCUMENTATION_COMMENTS = YES;
				CLANG_WARN_EMPTY_BODY = YES;
				CLANG_WARN_ENUM_CONVERSION = YES;
				CLANG_WARN_INFINITE_RECURSION = YES;
				CLANG_WARN_INT_CONVERSION = YES;
				CLANG_WARN_NON_LITERAL_NULL_CONVERSION = YES;
				CLANG_WARN_OBJC_IMPLICIT_RETAIN_SELF = YES;
				CLANG_WARN_OBJC_LITERAL_CONVERSION = YES;
				CLANG_WARN_OBJC_ROOT_CLASS = YES_ERROR;
				CLANG_WARN_QUOTED_INCLUDE_IN_FRAMEWORK_HEADER = YES;
				CLANG_WARN_RANGE_LOOP_ANALYSIS = YES;
				CLANG_WARN_STRICT_PROTOTYPES = YES;
				CLANG_WARN_SUSPICIOUS_MOVE = YES;
				CLANG_WARN_UNGUARDED_AVAILABILITY = YES_AGGRESSIVE;
				CLANG_WARN_UNREACHABLE_CODE = YES;
				CLANG_WARN__DUPLICATE_METHOD_MATCH = YES;
				COPY_PHASE_STRIP = NO;
				DEBUG_INFORMATION_FORMAT = "dwarf-with-dsym";
				ENABLE_NS_ASSERTIONS = NO;
				ENABLE_STRICT_OBJC_MSGSEND = YES;
				ENABLE_USER_SCRIPT_SANDBOXING = YES;
				GCC_C_LANGUAGE_STANDARD = gnu17;
				GCC_NO_COMMON_BLOCKS = YES;
				GCC_WARN_64_TO_32_BIT_CONVERSION = YES;
				GCC_WARN_ABOUT_RETURN_TYPE = YES_ERROR;
				GCC_WARN_UNDECLARED_SELECTOR = YES;
				GCC_WARN_UNINITIALIZED_AUTOS = YES_AGGRESSIVE;
				GCC_WARN_UNUSED_FUNCTION = YES;
				GCC_WARN_UNUSED_VARIABLE = YES;
				IPHONEOS_DEPLOYMENT_TARGET = 17.4;
				LOCALIZATION_PREFERS_STRING_CATALOGS = YES;
				MTL_ENABLE_DEBUG_INFO = NO;
				MTL_FAST_MATH = YES;
				SDKROOT = iphoneos;
				SWIFT_COMPILATION_MODE = wholemodule;
				VALIDATE_PRODUCT = YES;
			};
			name = Release;
		};
		FA25AEC02BC6D43800B08AF4 /* Debug */ = {
			isa = XCBuildConfiguration;
			buildSettings = {
				ASSETCATALOG_COMPILER_APPICON_NAME = AppIcon;
				ASSETCATALOG_COMPILER_GLOBAL_ACCENT_COLOR_NAME = AccentColor;
				CODE_SIGN_STYLE = Automatic;
				CURRENT_PROJECT_VERSION = 1;
				DEVELOPMENT_TEAM = JJS82CC46U;
				GENERATE_INFOPLIST_FILE = YES;
				INFOPLIST_FILE = AdVoyager/Info.plist;
				INFOPLIST_KEY_UIApplicationSupportsIndirectInputEvents = YES;
				INFOPLIST_KEY_UILaunchStoryboardName = LaunchScreen;
				INFOPLIST_KEY_UIMainStoryboardFile = Main;
				INFOPLIST_KEY_UISupportedInterfaceOrientations = UIInterfaceOrientationPortrait;
				INFOPLIST_KEY_UISupportedInterfaceOrientations_iPad = "UIInterfaceOrientationLandscapeLeft UIInterfaceOrientationLandscapeRight UIInterfaceOrientationPortrait UIInterfaceOrientationPortraitUpsideDown";
				IPHONEOS_DEPLOYMENT_TARGET = 16.0;
				LD_RUNPATH_SEARCH_PATHS = (
					"$(inherited)",
					"@executable_path/Frameworks",
				);
				MARKETING_VERSION = 1.0;
				PRODUCT_BUNDLE_IDENTIFIER = com.crisine.AdVoyager;
				PRODUCT_NAME = "$(TARGET_NAME)";
				SUPPORTED_PLATFORMS = "iphoneos iphonesimulator";
				SUPPORTS_MACCATALYST = NO;
				SUPPORTS_MAC_DESIGNED_FOR_IPHONE_IPAD = NO;
				SUPPORTS_XR_DESIGNED_FOR_IPHONE_IPAD = NO;
				SWIFT_EMIT_LOC_STRINGS = YES;
				SWIFT_VERSION = 5.0;
				TARGETED_DEVICE_FAMILY = 1;
			};
			name = Debug;
		};
		FA25AEC12BC6D43800B08AF4 /* Release */ = {
			isa = XCBuildConfiguration;
			buildSettings = {
				ASSETCATALOG_COMPILER_APPICON_NAME = AppIcon;
				ASSETCATALOG_COMPILER_GLOBAL_ACCENT_COLOR_NAME = AccentColor;
				CODE_SIGN_STYLE = Automatic;
				CURRENT_PROJECT_VERSION = 1;
				DEVELOPMENT_TEAM = JJS82CC46U;
				GENERATE_INFOPLIST_FILE = YES;
				INFOPLIST_FILE = AdVoyager/Info.plist;
				INFOPLIST_KEY_UIApplicationSupportsIndirectInputEvents = YES;
				INFOPLIST_KEY_UILaunchStoryboardName = LaunchScreen;
				INFOPLIST_KEY_UIMainStoryboardFile = Main;
				INFOPLIST_KEY_UISupportedInterfaceOrientations = UIInterfaceOrientationPortrait;
				INFOPLIST_KEY_UISupportedInterfaceOrientations_iPad = "UIInterfaceOrientationLandscapeLeft UIInterfaceOrientationLandscapeRight UIInterfaceOrientationPortrait UIInterfaceOrientationPortraitUpsideDown";
				IPHONEOS_DEPLOYMENT_TARGET = 16.0;
				LD_RUNPATH_SEARCH_PATHS = (
					"$(inherited)",
					"@executable_path/Frameworks",
				);
				MARKETING_VERSION = 1.0;
				PRODUCT_BUNDLE_IDENTIFIER = com.crisine.AdVoyager;
				PRODUCT_NAME = "$(TARGET_NAME)";
				SUPPORTED_PLATFORMS = "iphoneos iphonesimulator";
				SUPPORTS_MACCATALYST = NO;
				SUPPORTS_MAC_DESIGNED_FOR_IPHONE_IPAD = NO;
				SUPPORTS_XR_DESIGNED_FOR_IPHONE_IPAD = NO;
				SWIFT_EMIT_LOC_STRINGS = YES;
				SWIFT_VERSION = 5.0;
				TARGETED_DEVICE_FAMILY = 1;
			};
			name = Release;
		};
/* End XCBuildConfiguration section */

/* Begin XCConfigurationList section */
		FA25AEA62BC6D43700B08AF4 /* Build configuration list for PBXProject "AdVoyager" */ = {
			isa = XCConfigurationList;
			buildConfigurations = (
				FA25AEBD2BC6D43800B08AF4 /* Debug */,
				FA25AEBE2BC6D43800B08AF4 /* Release */,
			);
			defaultConfigurationIsVisible = 0;
			defaultConfigurationName = Release;
		};
		FA25AEBF2BC6D43800B08AF4 /* Build configuration list for PBXNativeTarget "AdVoyager" */ = {
			isa = XCConfigurationList;
			buildConfigurations = (
				FA25AEC02BC6D43800B08AF4 /* Debug */,
				FA25AEC12BC6D43800B08AF4 /* Release */,
			);
			defaultConfigurationIsVisible = 0;
			defaultConfigurationName = Release;
		};
/* End XCConfigurationList section */

/* Begin XCRemoteSwiftPackageReference section */
		FA25AEC52BC8A2E100B08AF4 /* XCRemoteSwiftPackageReference "SnapKit" */ = {
			isa = XCRemoteSwiftPackageReference;
			repositoryURL = "https://github.com/SnapKit/SnapKit.git";
			requirement = {
				kind = upToNextMajorVersion;
				minimumVersion = 5.7.1;
			};
		};
		FA25AEC82BC8A2E600B08AF4 /* XCRemoteSwiftPackageReference "Alamofire" */ = {
			isa = XCRemoteSwiftPackageReference;
			repositoryURL = "https://github.com/Alamofire/Alamofire.git";
			requirement = {
				kind = upToNextMajorVersion;
				minimumVersion = 5.9.1;
			};
		};
		FA25AECD2BC8A2EB00B08AF4 /* XCRemoteSwiftPackageReference "Kingfisher" */ = {
			isa = XCRemoteSwiftPackageReference;
			repositoryURL = "https://github.com/onevcat/Kingfisher.git";
			requirement = {
				kind = upToNextMajorVersion;
				minimumVersion = 7.11.0;
			};
		};
		FA25AED02BC8A2F700B08AF4 /* XCRemoteSwiftPackageReference "RxSwift" */ = {
			isa = XCRemoteSwiftPackageReference;
			repositoryURL = "https://github.com/ReactiveX/RxSwift.git";
			requirement = {
				kind = upToNextMajorVersion;
				minimumVersion = 6.6.0;
			};
		};
		FA25AED52BC8A2FD00B08AF4 /* XCRemoteSwiftPackageReference "Toast-Swift" */ = {
			isa = XCRemoteSwiftPackageReference;
			repositoryURL = "https://github.com/scalessec/Toast-Swift.git";
			requirement = {
				kind = upToNextMajorVersion;
				minimumVersion = 5.1.1;
			};
		};
		FADC9C9E2BD2511E00973357 /* XCRemoteSwiftPackageReference "RxGesture" */ = {
			isa = XCRemoteSwiftPackageReference;
			repositoryURL = "https://github.com/RxSwiftCommunity/RxGesture.git";
			requirement = {
				kind = upToNextMajorVersion;
				minimumVersion = 4.0.4;
			};
		};
/* End XCRemoteSwiftPackageReference section */

/* Begin XCSwiftPackageProductDependency section */
		FA25AEC62BC8A2E100B08AF4 /* SnapKit */ = {
			isa = XCSwiftPackageProductDependency;
			package = FA25AEC52BC8A2E100B08AF4 /* XCRemoteSwiftPackageReference "SnapKit" */;
			productName = SnapKit;
		};
		FA25AEC92BC8A2E600B08AF4 /* Alamofire */ = {
			isa = XCSwiftPackageProductDependency;
			package = FA25AEC82BC8A2E600B08AF4 /* XCRemoteSwiftPackageReference "Alamofire" */;
			productName = Alamofire;
		};
		FA25AECB2BC8A2E600B08AF4 /* AlamofireDynamic */ = {
			isa = XCSwiftPackageProductDependency;
			package = FA25AEC82BC8A2E600B08AF4 /* XCRemoteSwiftPackageReference "Alamofire" */;
			productName = AlamofireDynamic;
		};
		FA25AECE2BC8A2EB00B08AF4 /* Kingfisher */ = {
			isa = XCSwiftPackageProductDependency;
			package = FA25AECD2BC8A2EB00B08AF4 /* XCRemoteSwiftPackageReference "Kingfisher" */;
			productName = Kingfisher;
		};
		FA25AED12BC8A2F700B08AF4 /* RxCocoa */ = {
			isa = XCSwiftPackageProductDependency;
			package = FA25AED02BC8A2F700B08AF4 /* XCRemoteSwiftPackageReference "RxSwift" */;
			productName = RxCocoa;
		};
		FA25AED32BC8A2F700B08AF4 /* RxSwift */ = {
			isa = XCSwiftPackageProductDependency;
			package = FA25AED02BC8A2F700B08AF4 /* XCRemoteSwiftPackageReference "RxSwift" */;
			productName = RxSwift;
		};
		FA25AED62BC8A2FD00B08AF4 /* Toast */ = {
			isa = XCSwiftPackageProductDependency;
			package = FA25AED52BC8A2FD00B08AF4 /* XCRemoteSwiftPackageReference "Toast-Swift" */;
			productName = Toast;
		};
		FADC9C9F2BD2511E00973357 /* RxGesture */ = {
			isa = XCSwiftPackageProductDependency;
			package = FADC9C9E2BD2511E00973357 /* XCRemoteSwiftPackageReference "RxGesture" */;
			productName = RxGesture;
		};
/* End XCSwiftPackageProductDependency section */
	};
	rootObject = FA25AEA32BC6D43700B08AF4 /* Project object */;
}
